
Microsoft Visual Studio Solution File, Format Version 12.00
# Visual Studio Version 16
VisualStudioVersion = 16.0.31424.327
MinimumVisualStudioVersion = 10.0.40219.1
Project("{FAE04EC0-301F-11D3-BF4B-00C04F79EFBC}") = "underStandingLogicInCSharp", "underStandingLogicInCSharp\underStandingLogicInCSharp.csproj", "{03C5EE4B-BE1D-466D-8067-1D8CF6519F6C}"
EndProject
Global
	GlobalSection(SolutionConfigurationPlatforms) = preSolution
		Debug|Any CPU = Debug|Any CPU
		Release|Any CPU = Release|Any CPU
	EndGlobalSection
	GlobalSection(ProjectConfigurationPlatforms) = postSolution
		{03C5EE4B-BE1D-466D-8067-1D8CF6519F6C}.Debug|Any CPU.ActiveCfg = Debug|Any CPU
		{03C5EE4B-BE1D-466D-8067-1D8CF6519F6C}.Debug|Any CPU.Build.0 = Debug|Any CPU
		{03C5EE4B-BE1D-466D-8067-1D8CF6519F6C}.Release|Any CPU.ActiveCfg = Release|Any CPU
		{03C5EE4B-BE1D-466D-8067-1D8CF6519F6C}.Release|Any CPU.Build.0 = Release|Any CPU
	EndGlobalSection
	GlobalSection(SolutionProperties) = preSolution
		HideSolutionNode = FALSE
	EndGlobalSection
	GlobalSection(ExtensibilityGlobals) = postSolution
		SolutionGuid = {AB526B36-2F72-41E4-A9F2-E49F76CB73B9}
	EndGlobalSection
EndGlobal
